
Microsoft Visual Studio Solution File, Format Version 12.00
# Visual Studio Version 17
VisualStudioVersion = 17.0.31903.59
MinimumVisualStudioVersion = 10.0.40219.1
Project("{2150E333-8FDC-42A3-9474-1A3956D46DE8}") = "Code-first", "Code-first", "{FE2658C2-54B9-4516-81C9-63CD1481A030}"
EndProject
Project("{2150E333-8FDC-42A3-9474-1A3956D46DE8}") = "contract-first .proto files", "contract-first .proto files", "{C0867DD2-BF5F-4788-A894-31FBC8258713}"
EndProject
Project("{9A19103F-16F7-4668-BE54-9A1E7A4F7556}") = "GrpcClient", "Code-first\Client\GrpcClient\GrpcClient.csproj", "{69619109-BA88-49DE-B13C-C99D9AB50824}"
EndProject
Project("{9A19103F-16F7-4668-BE54-9A1E7A4F7556}") = "API", "Code-first\API\API.csproj", "{ABA817AA-297D-4119-81BA-C55409786EEA}"
EndProject
Project("{9A19103F-16F7-4668-BE54-9A1E7A4F7556}") = "DAL", "Code-first\DAL\DAL.csproj", "{587137B6-6CAD-4C57-BE07-EC69D12FC253}"
EndProject
Project("{9A19103F-16F7-4668-BE54-9A1E7A4F7556}") = "DAL", "contract-first .proto files\DAL\DAL.csproj", "{A8D725CF-6744-4B92-A02B-12E68F5ACA45}"
EndProject
Project("{9A19103F-16F7-4668-BE54-9A1E7A4F7556}") = "GrpcClient", "contract-first .proto files\Client\GrpcClient\GrpcClient.csproj", "{343E103A-A954-4E35-A294-A991A662A624}"
EndProject
Project("{9A19103F-16F7-4668-BE54-9A1E7A4F7556}") = "API", "contract-first .proto files\API\API.csproj", "{736FD05F-80A0-433D-97AB-DF85EA4D6E8C}"
EndProject
Project("{FAE04EC0-301F-11D3-BF4B-00C04F79EFBC}") = "SharedContracts", "Code-first\SharedContracts\SharedContracts.csproj", "{1A19123B-80F2-499C-AFF1-B5E88652228A}"
EndProject
Global
	GlobalSection(SolutionConfigurationPlatforms) = preSolution
		Debug|Any CPU = Debug|Any CPU
		Release|Any CPU = Release|Any CPU
	EndGlobalSection
	GlobalSection(ProjectConfigurationPlatforms) = postSolution
		{69619109-BA88-49DE-B13C-C99D9AB50824}.Debug|Any CPU.ActiveCfg = Debug|Any CPU
		{69619109-BA88-49DE-B13C-C99D9AB50824}.Debug|Any CPU.Build.0 = Debug|Any CPU
		{69619109-BA88-49DE-B13C-C99D9AB50824}.Release|Any CPU.ActiveCfg = Release|Any CPU
		{69619109-BA88-49DE-B13C-C99D9AB50824}.Release|Any CPU.Build.0 = Release|Any CPU
		{ABA817AA-297D-4119-81BA-C55409786EEA}.Debug|Any CPU.ActiveCfg = Debug|Any CPU
		{ABA817AA-297D-4119-81BA-C55409786EEA}.Debug|Any CPU.Build.0 = Debug|Any CPU
		{ABA817AA-297D-4119-81BA-C55409786EEA}.Release|Any CPU.ActiveCfg = Release|Any CPU
		{ABA817AA-297D-4119-81BA-C55409786EEA}.Release|Any CPU.Build.0 = Release|Any CPU
		{587137B6-6CAD-4C57-BE07-EC69D12FC253}.Debug|Any CPU.ActiveCfg = Debug|Any CPU
		{587137B6-6CAD-4C57-BE07-EC69D12FC253}.Debug|Any CPU.Build.0 = Debug|Any CPU
		{587137B6-6CAD-4C57-BE07-EC69D12FC253}.Release|Any CPU.ActiveCfg = Release|Any CPU
		{587137B6-6CAD-4C57-BE07-EC69D12FC253}.Release|Any CPU.Build.0 = Release|Any CPU
		{A8D725CF-6744-4B92-A02B-12E68F5ACA45}.Debug|Any CPU.ActiveCfg = Debug|Any CPU
		{A8D725CF-6744-4B92-A02B-12E68F5ACA45}.Debug|Any CPU.Build.0 = Debug|Any CPU
		{A8D725CF-6744-4B92-A02B-12E68F5ACA45}.Release|Any CPU.ActiveCfg = Release|Any CPU
		{A8D725CF-6744-4B92-A02B-12E68F5ACA45}.Release|Any CPU.Build.0 = Release|Any CPU
		{343E103A-A954-4E35-A294-A991A662A624}.Debug|Any CPU.ActiveCfg = Debug|Any CPU
		{343E103A-A954-4E35-A294-A991A662A624}.Debug|Any CPU.Build.0 = Debug|Any CPU
		{343E103A-A954-4E35-A294-A991A662A624}.Release|Any CPU.ActiveCfg = Release|Any CPU
		{343E103A-A954-4E35-A294-A991A662A624}.Release|Any CPU.Build.0 = Release|Any CPU
		{736FD05F-80A0-433D-97AB-DF85EA4D6E8C}.Debug|Any CPU.ActiveCfg = Debug|Any CPU
		{736FD05F-80A0-433D-97AB-DF85EA4D6E8C}.Debug|Any CPU.Build.0 = Debug|Any CPU
		{736FD05F-80A0-433D-97AB-DF85EA4D6E8C}.Release|Any CPU.ActiveCfg = Release|Any CPU
		{736FD05F-80A0-433D-97AB-DF85EA4D6E8C}.Release|Any CPU.Build.0 = Release|Any CPU
		{1A19123B-80F2-499C-AFF1-B5E88652228A}.Debug|Any CPU.ActiveCfg = Debug|Any CPU
		{1A19123B-80F2-499C-AFF1-B5E88652228A}.Debug|Any CPU.Build.0 = Debug|Any CPU
		{1A19123B-80F2-499C-AFF1-B5E88652228A}.Release|Any CPU.ActiveCfg = Release|Any CPU
		{1A19123B-80F2-499C-AFF1-B5E88652228A}.Release|Any CPU.Build.0 = Release|Any CPU
	EndGlobalSection
	GlobalSection(SolutionProperties) = preSolution
		HideSolutionNode = FALSE
	EndGlobalSection
	GlobalSection(NestedProjects) = preSolution
		{69619109-BA88-49DE-B13C-C99D9AB50824} = {FE2658C2-54B9-4516-81C9-63CD1481A030}
		{ABA817AA-297D-4119-81BA-C55409786EEA} = {FE2658C2-54B9-4516-81C9-63CD1481A030}
		{587137B6-6CAD-4C57-BE07-EC69D12FC253} = {FE2658C2-54B9-4516-81C9-63CD1481A030}
		{A8D725CF-6744-4B92-A02B-12E68F5ACA45} = {C0867DD2-BF5F-4788-A894-31FBC8258713}
		{343E103A-A954-4E35-A294-A991A662A624} = {C0867DD2-BF5F-4788-A894-31FBC8258713}
		{736FD05F-80A0-433D-97AB-DF85EA4D6E8C} = {C0867DD2-BF5F-4788-A894-31FBC8258713}
		{1A19123B-80F2-499C-AFF1-B5E88652228A} = {FE2658C2-54B9-4516-81C9-63CD1481A030}
	EndGlobalSection
	GlobalSection(ExtensibilityGlobals) = postSolution
		SolutionGuid = {E846B58A-BE4B-458D-9A03-F4CB734CE730}
	EndGlobalSection
EndGlobal
